{
  "name": "1.2-san-webpack-env",
  "version": "1.0.0",
  "lockfileVersion": 1,
  "requires": true,
  "dependencies": {
    "asap": {
      "version": "2.0.6",
      "resolved": "https://registry.npm.taobao.org/asap/download/asap-2.0.6.tgz",
      "integrity": "sha1-5QNHYR1+aQlDIIu9r+vLwvuGbUY="
    },
    "san-transition": {
      "version": "1.1.0",
      "resolved": "https://registry.npm.taobao.org/san-transition/download/san-transition-1.1.0.tgz",
      "integrity": "sha1-w522N4aYV/jwBDgAHuYOmCT1ZWM=",
      "requires": {
        "asap": "^2.0.6"
      }
    }
  }
}
